
Microsoft Visual Studio Solution File, Format Version 12.00
# Visual Studio 15
VisualStudioVersion = 15.0.27703.2018
MinimumVisualStudioVersion = 10.0.40219.1
Project("{9A19103F-16F7-4668-BE54-9A1E7A4F7556}") = "Qanda.Api", "qanda\Qanda.Api.csproj", "{D8C28B11-C190-4479-9FC1-C8D51459D878}"
EndProject
Project("{9A19103F-16F7-4668-BE54-9A1E7A4F7556}") = "Qanda.Domain", "Qanda.Domain\Qanda.Domain.csproj", "{3418377F-03E7-42FC-AD30-C2B9F47785C0}"
EndProject
Project("{9A19103F-16F7-4668-BE54-9A1E7A4F7556}") = "Qanda.Repository", "Qanda.Repository\Qanda.Repository.csproj", "{588876C9-A0E8-4535-A533-61493560315F}"
EndProject
Project("{2150E333-8FDC-42A3-9474-1A3956D46DE8}") = "Tests", "Tests", "{3D46ADBA-A3D0-470D-8CAE-643C0C1E9DBD}"
EndProject
Project("{FAE04EC0-301F-11D3-BF4B-00C04F79EFBC}") = "Qanda.Domain.Tests", "Qanda.Domain.Tests\Qanda.Domain.Tests.csproj", "{221CCAA4-97ED-41EF-88C5-ECD359F5A4DA}"
EndProject
Global
	GlobalSection(SolutionConfigurationPlatforms) = preSolution
		Debug|Any CPU = Debug|Any CPU
		Release|Any CPU = Release|Any CPU
	EndGlobalSection
	GlobalSection(ProjectConfigurationPlatforms) = postSolution
		{D8C28B11-C190-4479-9FC1-C8D51459D878}.Debug|Any CPU.ActiveCfg = Debug|Any CPU
		{D8C28B11-C190-4479-9FC1-C8D51459D878}.Debug|Any CPU.Build.0 = Debug|Any CPU
		{D8C28B11-C190-4479-9FC1-C8D51459D878}.Release|Any CPU.ActiveCfg = Release|Any CPU
		{D8C28B11-C190-4479-9FC1-C8D51459D878}.Release|Any CPU.Build.0 = Release|Any CPU
		{3418377F-03E7-42FC-AD30-C2B9F47785C0}.Debug|Any CPU.ActiveCfg = Debug|Any CPU
		{3418377F-03E7-42FC-AD30-C2B9F47785C0}.Debug|Any CPU.Build.0 = Debug|Any CPU
		{3418377F-03E7-42FC-AD30-C2B9F47785C0}.Release|Any CPU.ActiveCfg = Release|Any CPU
		{3418377F-03E7-42FC-AD30-C2B9F47785C0}.Release|Any CPU.Build.0 = Release|Any CPU
		{588876C9-A0E8-4535-A533-61493560315F}.Debug|Any CPU.ActiveCfg = Debug|Any CPU
		{588876C9-A0E8-4535-A533-61493560315F}.Debug|Any CPU.Build.0 = Debug|Any CPU
		{588876C9-A0E8-4535-A533-61493560315F}.Release|Any CPU.ActiveCfg = Release|Any CPU
		{588876C9-A0E8-4535-A533-61493560315F}.Release|Any CPU.Build.0 = Release|Any CPU
		{221CCAA4-97ED-41EF-88C5-ECD359F5A4DA}.Debug|Any CPU.ActiveCfg = Debug|Any CPU
		{221CCAA4-97ED-41EF-88C5-ECD359F5A4DA}.Debug|Any CPU.Build.0 = Debug|Any CPU
		{221CCAA4-97ED-41EF-88C5-ECD359F5A4DA}.Release|Any CPU.ActiveCfg = Release|Any CPU
		{221CCAA4-97ED-41EF-88C5-ECD359F5A4DA}.Release|Any CPU.Build.0 = Release|Any CPU
	EndGlobalSection
	GlobalSection(SolutionProperties) = preSolution
		HideSolutionNode = FALSE
	EndGlobalSection
	GlobalSection(NestedProjects) = preSolution
		{221CCAA4-97ED-41EF-88C5-ECD359F5A4DA} = {3D46ADBA-A3D0-470D-8CAE-643C0C1E9DBD}
	EndGlobalSection
	GlobalSection(ExtensibilityGlobals) = postSolution
		SolutionGuid = {6D321C51-5F16-4AA2-889B-B2E7A51D2372}
	EndGlobalSection
EndGlobal
